// !$*UTF8*$!
{
	archiveVersion = 1;
	classes = {
	};
	objectVersion = 56;
	objects = {

/* Begin PBXBuildFile section */
		3E31A0FC2D2F3712003A3478 /* ViewLayoutApp.swift in Sources */ = {isa = PBXBuildFile; fileRef = 3E31A0FB2D2F3712003A3478 /* ViewLayoutApp.swift */; };
		3E31A0FE2D2F3712003A3478 /* ContentView.swift in Sources */ = {isa = PBXBuildFile; fileRef = 3E31A0FD2D2F3712003A3478 /* ContentView.swift */; };
		3E31A1002D2F3714003A3478 /* Assets.xcassets in Resources */ = {isa = PBXBuildFile; fileRef = 3E31A0FF2D2F3714003A3478 /* Assets.xcassets */; };
		3E31A1032D2F3714003A3478 /* Preview Assets.xcassets in Resources */ = {isa = PBXBuildFile; fileRef = 3E31A1022D2F3714003A3478 /* Preview Assets.xcassets */; };
		3E31A10D2D2F3715003A3478 /* ViewLayoutTests.swift in Sources */ = {isa = PBXBuildFile; fileRef = 3E31A10C2D2F3715003A3478 /* ViewLayoutTests.swift */; };
		3E31A1172D2F3715003A3478 /* ViewLayoutUITests.swift in Sources */ = {isa = PBXBuildFile; fileRef = 3E31A1162D2F3715003A3478 /* ViewLayoutUITests.swift */; };
		3E31A1192D2F3715003A3478 /* ViewLayoutUITestsLaunchTests.swift in Sources */ = {isa = PBXBuildFile; fileRef = 3E31A1182D2F3715003A3478 /* ViewLayoutUITestsLaunchTests.swift */; };
/* End PBXBuildFile section */

/* Begin PBXContainerItemProxy section */
		3E31A1092D2F3715003A3478 /* PBXContainerItemProxy */ = {
			isa = PBXContainerItemProxy;
			containerPortal = 3E31A0F02D2F3712003A3478 /* Project object */;
			proxyType = 1;
			remoteGlobalIDString = 3E31A0F72D2F3712003A3478;
			remoteInfo = ViewLayout;
		};
		3E31A1132D2F3715003A3478 /* PBXContainerItemProxy */ = {
			isa = PBXContainerItemProxy;
			containerPortal = 3E31A0F02D2F3712003A3478 /* Project object */;
			proxyType = 1;
			remoteGlobalIDString = 3E31A0F72D2F3712003A3478;
			remoteInfo = ViewLayout;
		};
/* End PBXContainerItemProxy section */

/* Begin PBXFileReference section */
		3E31A0F82D2F3712003A3478 /* ViewLayout.app */ = {isa = PBXFileReference; explicitFileType = wrapper.application; includeInIndex = 0; path = ViewLayout.app; sourceTree = BUILT_PRODUCTS_DIR; };
		3E31A0FB2D2F3712003A3478 /* ViewLayoutApp.swift */ = {isa = PBXFileReference; lastKnownFileType = sourcecode.swift; path = ViewLayoutApp.swift; sourceTree = "<group>"; };
		3E31A0FD2D2F3712003A3478 /* ContentView.swift */ = {isa = PBXFileReference; lastKnownFileType = sourcecode.swift; path = ContentView.swift; sourceTree = "<group>"; };
		3E31A0FF2D2F3714003A3478 /* Assets.xcassets */ = {isa = PBXFileReference; lastKnownFileType = folder.assetcatalog; path = Assets.xcassets; sourceTree = "<group>"; };
		3E31A1022D2F3714003A3478 /* Preview Assets.xcassets */ = {isa = PBXFileReference; lastKnownFileType = folder.assetcatalog; path = "Preview Assets.xcassets"; sourceTree = "<group>"; };
		3E31A1082D2F3715003A3478 /* ViewLayoutTests.xctest */ = {isa = PBXFileReference; explicitFileType = wrapper.cfbundle; includeInIndex = 0; path = ViewLayoutTests.xctest; sourceTree = BUILT_PRODUCTS_DIR; };
		3E31A10C2D2F3715003A3478 /* ViewLayoutTests.swift */ = {isa = PBXFileReference; lastKnownFileType = sourcecode.swift; path = ViewLayoutTests.swift; sourceTree = "<group>"; };
		3E31A1122D2F3715003A3478 /* ViewLayoutUITests.xctest */ = {isa = PBXFileReference; explicitFileType = wrapper.cfbundle; includeInIndex = 0; path = ViewLayoutUITests.xctest; sourceTree = BUILT_PRODUCTS_DIR; };
		3E31A1162D2F3715003A3478 /* ViewLayoutUITests.swift */ = {isa = PBXFileReference; lastKnownFileType = sourcecode.swift; path = ViewLayoutUITests.swift; sourceTree = "<group>"; };
		3E31A1182D2F3715003A3478 /* ViewLayoutUITestsLaunchTests.swift */ = {isa = PBXFileReference; lastKnownFileType = sourcecode.swift; path = ViewLayoutUITestsLaunchTests.swift; sourceTree = "<group>"; };
/* End PBXFileReference section */

/* Begin PBXFrameworksBuildPhase section */
		3E31A0F52D2F3712003A3478 /* Frameworks */ = {
			isa = PBXFrameworksBuildPhase;
			buildActionMask = 2147483647;
			files = (
			);
			runOnlyForDeploymentPostprocessing = 0;
		};
		3E31A1052D2F3715003A3478 /* Frameworks */ = {
			isa = PBXFrameworksBuildPhase;
			buildActionMask = 2147483647;
			files = (
			);
			runOnlyForDeploymentPostprocessing = 0;
		};
		3E31A10F2D2F3715003A3478 /* Frameworks */ = {
			isa = PBXFrameworksBuildPhase;
			buildActionMask = 2147483647;
			files = (
			);
			runOnlyForDeploymentPostprocessing = 0;
		};
/* End PBXFrameworksBuildPhase section */

/* Begin PBXGroup section */
		3E31A0EF2D2F3712003A3478 = {
			isa = PBXGroup;
			children = (
				3E31A0FA2D2F3712003A3478 /* ViewLayout */,
				3E31A10B2D2F3715003A3478 /* ViewLayoutTests */,
				3E31A1152D2F3715003A3478 /* ViewLayoutUITests */,
				3E31A0F92D2F3712003A3478 /* Products */,
			);
			sourceTree = "<group>";
		};
		3E31A0F92D2F3712003A3478 /* Products */ = {
			isa = PBXGroup;
			children = (
				3E31A0F82D2F3712003A3478 /* ViewLayout.app */,
				3E31A1082D2F3715003A3478 /* ViewLayoutTests.xctest */,
				3E31A1122D2F3715003A3478 /* ViewLayoutUITests.xctest */,
			);
			name = Products;
			sourceTree = "<group>";
		};
		3E31A0FA2D2F3712003A3478 /* ViewLayout */ = {
			isa = PBXGroup;
			children = (
				3E31A0FB2D2F3712003A3478 /* ViewLayoutApp.swift */,
				3E31A0FD2D2F3712003A3478 /* ContentView.swift */,
				3E31A0FF2D2F3714003A3478 /* Assets.xcassets */,
				3E31A1012D2F3714003A3478 /* Preview Content */,
			);
			path = ViewLayout;
			sourceTree = "<group>";
		};
		3E31A1012D2F3714003A3478 /* Preview Content */ = {
			isa = PBXGroup;
			children = (
				3E31A1022D2F3714003A3478 /* Preview Assets.xcassets */,
			);
			path = "Preview Content";
			sourceTree = "<group>";
		};
		3E31A10B2D2F3715003A3478 /* ViewLayoutTests */ = {
			isa = PBXGroup;
			children = (
				3E31A10C2D2F3715003A3478 /* ViewLayoutTests.swift */,
			);
			path = ViewLayoutTests;
			sourceTree = "<group>";
		};
		3E31A1152D2F3715003A3478 /* ViewLayoutUITests */ = {
			isa = PBXGroup;
			children = (
				3E31A1162D2F3715003A3478 /* ViewLayoutUITests.swift */,
				3E31A1182D2F3715003A3478 /* ViewLayoutUITestsLaunchTests.swift */,
			);
			path = ViewLayoutUITests;
			sourceTree = "<group>";
		};
/* End PBXGroup section */

/* Begin PBXNativeTarget section */
		3E31A0F72D2F3712003A3478 /* ViewLayout */ = {
			isa = PBXNativeTarget;
			buildConfigurationList = 3E31A11C2D2F3715003A3478 /* Build configuration list for PBXNativeTarget "ViewLayout" */;
			buildPhases = (
				3E31A0F42D2F3712003A3478 /* Sources */,
				3E31A0F52D2F3712003A3478 /* Frameworks */,
				3E31A0F62D2F3712003A3478 /* Resources */,
			);
			buildRules = (
			);
			dependencies = (
			);
			name = ViewLayout;
			productName = ViewLayout;
			productReference = 3E31A0F82D2F3712003A3478 /* ViewLayout.app */;
			productType = "com.apple.product-type.application";
		};
		3E31A1072D2F3715003A3478 /* ViewLayoutTests */ = {
			isa = PBXNativeTarget;
			buildConfigurationList = 3E31A11F2D2F3715003A3478 /* Build configuration list for PBXNativeTarget "ViewLayoutTests" */;
			buildPhases = (
				3E31A1042D2F3715003A3478 /* Sources */,
				3E31A1052D2F3715003A3478 /* Frameworks */,
				3E31A1062D2F3715003A3478 /* Resources */,
			);
			buildRules = (
			);
			dependencies = (
				3E31A10A2D2F3715003A3478 /* PBXTargetDependency */,
			);
			name = ViewLayoutTests;
			productName = ViewLayoutTests;
			productReference = 3E31A1082D2F3715003A3478 /* ViewLayoutTests.xctest */;
			productType = "com.apple.product-type.bundle.unit-test";
		};
		3E31A1112D2F3715003A3478 /* ViewLayoutUITests */ = {
			isa = PBXNativeTarget;
			buildConfigurationList = 3E31A1222D2F3715003A3478 /* Build configuration list for PBXNativeTarget "ViewLayoutUITests" */;
			buildPhases = (
				3E31A10E2D2F3715003A3478 /* Sources */,
				3E31A10F2D2F3715003A3478 /* Frameworks */,
				3E31A1102D2F3715003A3478 /* Resources */,
			);
			buildRules = (
			);
			dependencies = (
				3E31A1142D2F3715003A3478 /* PBXTargetDependency */,
			);
			name = ViewLayoutUITests;
			productName = ViewLayoutUITests;
			productReference = 3E31A1122D2F3715003A3478 /* ViewLayoutUITests.xctest */;
			productType = "com.apple.product-type.bundle.ui-testing";
		};
/* End PBXNativeTarget section */

/* Begin PBXProject section */
		3E31A0F02D2F3712003A3478 /* Project object */ = {
			isa = PBXProject;
			attributes = {
				BuildIndependentTargetsInParallel = 1;
				LastSwiftUpdateCheck = 1540;
				LastUpgradeCheck = 1540;
				TargetAttributes = {
					3E31A0F72D2F3712003A3478 = {
						CreatedOnToolsVersion = 15.4;
					};
					3E31A1072D2F3715003A3478 = {
						CreatedOnToolsVersion = 15.4;
						TestTargetID = 3E31A0F72D2F3712003A3478;
					};
					3E31A1112D2F3715003A3478 = {
						CreatedOnToolsVersion = 15.4;
						TestTargetID = 3E31A0F72D2F3712003A3478;
					};
				};
			};
			buildConfigurationList = 3E31A0F32D2F3712003A3478 /* Build configuration list for PBXProject "ViewLayout" */;
			compatibilityVersion = "Xcode 14.0";
			developmentRegion = en;
			hasScannedForEncodings = 0;
			knownRegions = (
				en,
				Base,
			);
			mainGroup = 3E31A0EF2D2F3712003A3478;
			productRefGroup = 3E31A0F92D2F3712003A3478 /* Products */;
			projectDirPath = "";
			projectRoot = "";
			targets = (
				3E31A0F72D2F3712003A3478 /* ViewLayout */,
				3E31A1072D2F3715003A3478 /* ViewLayoutTests */,
				3E31A1112D2F3715003A3478 /* ViewLayoutUITests */,
			);
		};
/* End PBXProject section */

/* Begin PBXResourcesBuildPhase section */
		3E31A0F62D2F3712003A3478 /* Resources */ = {
			isa = PBXResourcesBuildPhase;
			buildActionMask = 2147483647;
			files = (
				3E31A1032D2F3714003A3478 /* Preview Assets.xcassets in Resources */,
				3E31A1002D2F3714003A3478 /* Assets.xcassets in Resources */,
			);
			runOnlyForDeploymentPostprocessing = 0;
		};
		3E31A1062D2F3715003A3478 /* Resources */ = {
			isa = PBXResourcesBuildPhase;
			buildActionMask = 2147483647;
			files = (
			);
			runOnlyForDeploymentPostprocessing = 0;
		};
		3E31A1102D2F3715003A3478 /* Resources */ = {
			isa = PBXResourcesBuildPhase;
			buildActionMask = 2147483647;
			files = (
			);
			runOnlyForDeploymentPostprocessing = 0;
		};
/* End PBXResourcesBuildPhase section */

/* Begin PBXSourcesBuildPhase section */
		3E31A0F42D2F3712003A3478 /* Sources */ = {
			isa = PBXSourcesBuildPhase;
			buildActionMask = 2147483647;
			files = (
				3E31A0FE2D2F3712003A3478 /* ContentView.swift in Sources */,
				3E31A0FC2D2F3712003A3478 /* ViewLayoutApp.swift in Sources */,
			);
			runOnlyForDeploymentPostprocessing = 0;
		};
		3E31A1042D2F3715003A3478 /* Sources */ = {
			isa = PBXSourcesBuildPhase;
			buildActionMask = 2147483647;
			files = (
				3E31A10D2D2F3715003A3478 /* ViewLayoutTests.swift in Sources */,
			);
			runOnlyForDeploymentPostprocessing = 0;
		};
		3E31A10E2D2F3715003A3478 /* Sources */ = {
			isa = PBXSourcesBuildPhase;
			buildActionMask = 2147483647;
			files = (
				3E31A1172D2F3715003A3478 /* ViewLayoutUITests.swift in Sources */,
				3E31A1192D2F3715003A3478 /* ViewLayoutUITestsLaunchTests.swift in Sources */,
			);
			runOnlyForDeploymentPostprocessing = 0;
		};
/* End PBXSourcesBuildPhase section */

/* Begin PBXTargetDependency section */
		3E31A10A2D2F3715003A3478 /* PBXTargetDependency */ = {
			isa = PBXTargetDependency;
			target = 3E31A0F72D2F3712003A3478 /* ViewLayout */;
			targetProxy = 3E31A1092D2F3715003A3478 /* PBXContainerItemProxy */;
		};
		3E31A1142D2F3715003A3478 /* PBXTargetDependency */ = {
			isa = PBXTargetDependency;
			target = 3E31A0F72D2F3712003A3478 /* ViewLayout */;
			targetProxy = 3E31A1132D2F3715003A3478 /* PBXContainerItemProxy */;
		};
/* End PBXTargetDependency section */

/* Begin XCBuildConfiguration section */
		3E31A11A2D2F3715003A3478 /* Debug */ = {
			isa = XCBuildConfiguration;
			buildSettings = {
				ALWAYS_SEARCH_USER_PATHS = NO;
				ASSETCATALOG_COMPILER_GENERATE_SWIFT_ASSET_SYMBOL_EXTENSIONS = YES;
				CLANG_ANALYZER_NONNULL = YES;
				CLANG_ANALYZER_NUMBER_OBJECT_CONVERSION = YES_AGGRESSIVE;
				CLANG_CXX_LANGUAGE_STANDARD = "gnu++20";
				CLANG_ENABLE_MODULES = YES;
				CLANG_ENABLE_OBJC_ARC = YES;
				CLANG_ENABLE_OBJC_WEAK = YES;
				CLANG_WARN_BLOCK_CAPTURE_AUTORELEASING = YES;
				CLANG_WARN_BOOL_CONVERSION = YES;
				CLANG_WARN_COMMA = YES;
				CLANG_WARN_CONSTANT_CONVERSION = YES;
				CLANG_WARN_DEPRECATED_OBJC_IMPLEMENTATIONS = YES;
				CLANG_WARN_DIRECT_OBJC_ISA_USAGE = YES_ERROR;
				CLANG_WARN_DOCUMENTATION_COMMENTS = YES;
				CLANG_WARN_EMPTY_BODY = YES;
				CLANG_WARN_ENUM_CONVERSION = YES;
				CLANG_WARN_INFINITE_RECURSION = YES;
				CLANG_WARN_INT_CONVERSION = YES;
				CLANG_WARN_NON_LITERAL_NULL_CONVERSION = YES;
				CLANG_WARN_OBJC_IMPLICIT_RETAIN_SELF = YES;
				CLANG_WARN_OBJC_LITERAL_CONVERSION = YES;
				CLANG_WARN_OBJC_ROOT_CLASS = YES_ERROR;
				CLANG_WARN_QUOTED_INCLUDE_IN_FRAMEWORK_HEADER = YES;
				CLANG_WARN_RANGE_LOOP_ANALYSIS = YES;
				CLANG_WARN_STRICT_PROTOTYPES = YES;
				CLANG_WARN_SUSPICIOUS_MOVE = YES;
				CLANG_WARN_UNGUARDED_AVAILABILITY = YES_AGGRESSIVE;
				CLANG_WARN_UNREACHABLE_CODE = YES;
				CLANG_WARN__DUPLICATE_METHOD_MATCH = YES;
				COPY_PHASE_STRIP = NO;
				DEBUG_INFORMATION_FORMAT = dwarf;
				ENABLE_STRICT_OBJC_MSGSEND = YES;
				ENABLE_TESTABILITY = YES;
				ENABLE_USER_SCRIPT_SANDBOXING = YES;
				GCC_C_LANGUAGE_STANDARD = gnu17;
				GCC_DYNAMIC_NO_PIC = NO;
				GCC_NO_COMMON_BLOCKS = YES;
				GCC_OPTIMIZATION_LEVEL = 0;
				GCC_PREPROCESSOR_DEFINITIONS = (
					"DEBUG=1",
					"$(inherited)",
				);
				GCC_WARN_64_TO_32_BIT_CONVERSION = YES;
				GCC_WARN_ABOUT_RETURN_TYPE = YES_ERROR;
				GCC_WARN_UNDECLARED_SELECTOR = YES;
				GCC_WARN_UNINITIALIZED_AUTOS = YES_AGGRESSIVE;
				GCC_WARN_UNUSED_FUNCTION = YES;
				GCC_WARN_UNUSED_VARIABLE = YES;
				IPHONEOS_DEPLOYMENT_TARGET = 17.5;
				LOCALIZATION_PREFERS_STRING_CATALOGS = YES;
				MTL_ENABLE_DEBUG_INFO = INCLUDE_SOURCE;
				MTL_FAST_MATH = YES;
				ONLY_ACTIVE_ARCH = YES;
				SDKROOT = iphoneos;
				SWIFT_ACTIVE_COMPILATION_CONDITIONS = "DEBUG $(inherited)";
				SWIFT_OPTIMIZATION_LEVEL = "-Onone";
			};
			name = Debug;
		};
		3E31A11B2D2F3715003A3478 /* Release */ = {
			isa = XCBuildConfiguration;
			buildSettings = {
				ALWAYS_SEARCH_USER_PATHS = NO;
				ASSETCATALOG_COMPILER_GENERATE_SWIFT_ASSET_SYMBOL_EXTENSIONS = YES;
				CLANG_ANALYZER_NONNULL = YES;
				CLANG_ANALYZER_NUMBER_OBJECT_CONVERSION = YES_AGGRESSIVE;
				CLANG_CXX_LANGUAGE_STANDARD = "gnu++20";
				CLANG_ENABLE_MODULES = YES;
				CLANG_ENABLE_OBJC_ARC = YES;
				CLANG_ENABLE_OBJC_WEAK = YES;
				CLANG_WARN_BLOCK_CAPTURE_AUTORELEASING = YES;
				CLANG_WARN_BOOL_CONVERSION = YES;
				CLANG_WARN_COMMA = YES;
				CLANG_WARN_CONSTANT_CONVERSION = YES;
				CLANG_WARN_DEPRECATED_OBJC_IMPLEMENTATIONS = YES;
				CLANG_WARN_DIRECT_OBJC_ISA_USAGE = YES_ERROR;
				CLANG_WARN_DOCUMENTATION_COMMENTS = YES;
				CLANG_WARN_EMPTY_BODY = YES;
				CLANG_WARN_ENUM_CONVERSION = YES;
				CLANG_WARN_INFINITE_RECURSION = YES;
				CLANG_WARN_INT_CONVERSION = YES;
				CLANG_WARN_NON_LITERAL_NULL_CONVERSION = YES;
				CLANG_WARN_OBJC_IMPLICIT_RETAIN_SELF = YES;
				CLANG_WARN_OBJC_LITERAL_CONVERSION = YES;
				CLANG_WARN_OBJC_ROOT_CLASS = YES_ERROR;
				CLANG_WARN_QUOTED_INCLUDE_IN_FRAMEWORK_HEADER = YES;
				CLANG_WARN_RANGE_LOOP_ANALYSIS = YES;
				CLANG_WARN_STRICT_PROTOTYPES = YES;
				CLANG_WARN_SUSPICIOUS_MOVE = YES;
				CLANG_WARN_UNGUARDED_AVAILABILITY = YES_AGGRESSIVE;
				CLANG_WARN_UNREACHABLE_CODE = YES;
				CLANG_WARN__DUPLICATE_METHOD_MATCH = YES;
				COPY_PHASE_STRIP = NO;
				DEBUG_INFORMATION_FORMAT = "dwarf-with-dsym";
				ENABLE_NS_ASSERTIONS = NO;
				ENABLE_STRICT_OBJC_MSGSEND = YES;
				ENABLE_USER_SCRIPT_SANDBOXING = YES;
				GCC_C_LANGUAGE_STANDARD = gnu17;
				GCC_NO_COMMON_BLOCKS = YES;
				GCC_WARN_64_TO_32_BIT_CONVERSION = YES;
				GCC_WARN_ABOUT_RETURN_TYPE = YES_ERROR;
				GCC_WARN_UNDECLARED_SELECTOR = YES;
				GCC_WARN_UNINITIALIZED_AUTOS = YES_AGGRESSIVE;
				GCC_WARN_UNUSED_FUNCTION = YES;
				GCC_WARN_UNUSED_VARIABLE = YES;
				IPHONEOS_DEPLOYMENT_TARGET = 17.5;
				LOCALIZATION_PREFERS_STRING_CATALOGS = YES;
				MTL_ENABLE_DEBUG_INFO = NO;
				MTL_FAST_MATH = YES;
				SDKROOT = iphoneos;
				SWIFT_COMPILATION_MODE = wholemodule;
				VALIDATE_PRODUCT = YES;
			};
			name = Release;
		};
		3E31A11D2D2F3715003A3478 /* Debug */ = {
			isa = XCBuildConfiguration;
			buildSettings = {
				ASSETCATALOG_COMPILER_APPICON_NAME = AppIcon;
				ASSETCATALOG_COMPILER_GLOBAL_ACCENT_COLOR_NAME = AccentColor;
				CODE_SIGN_STYLE = Automatic;
				CURRENT_PROJECT_VERSION = 1;
				DEVELOPMENT_ASSET_PATHS = "\"ViewLayout/Preview Content\"";
				ENABLE_PREVIEWS = YES;
				GENERATE_INFOPLIST_FILE = YES;
				INFOPLIST_KEY_UIApplicationSceneManifest_Generation = YES;
				INFOPLIST_KEY_UIApplicationSupportsIndirectInputEvents = YES;
				INFOPLIST_KEY_UILaunchScreen_Generation = YES;
				INFOPLIST_KEY_UISupportedInterfaceOrientations_iPad = "UIInterfaceOrientationPortrait UIInterfaceOrientationPortraitUpsideDown UIInterfaceOrientationLandscapeLeft UIInterfaceOrientationLandscapeRight";
				INFOPLIST_KEY_UISupportedInterfaceOrientations_iPhone = "UIInterfaceOrientationPortrait UIInterfaceOrientationLandscapeLeft UIInterfaceOrientationLandscapeRight";
				LD_RUNPATH_SEARCH_PATHS = (
					"$(inherited)",
					"@executable_path/Frameworks",
				);
				MARKETING_VERSION = 1.0;
				PRODUCT_BUNDLE_IDENTIFIER = com.itsmc.ViewLayout;
				PRODUCT_NAME = "$(TARGET_NAME)";
				SWIFT_EMIT_LOC_STRINGS = YES;
				SWIFT_VERSION = 5.0;
				TARGETED_DEVICE_FAMILY = "1,2";
			};
			name = Debug;
		};
		3E31A11E2D2F3715003A3478 /* Release */ = {
			isa = XCBuildConfiguration;
			buildSettings = {
				ASSETCATALOG_COMPILER_APPICON_NAME = AppIcon;
				ASSETCATALOG_COMPILER_GLOBAL_ACCENT_COLOR_NAME = AccentColor;
				CODE_SIGN_STYLE = Automatic;
				CURRENT_PROJECT_VERSION = 1;
				DEVELOPMENT_ASSET_PATHS = "\"ViewLayout/Preview Content\"";
				ENABLE_PREVIEWS = YES;
				GENERATE_INFOPLIST_FILE = YES;
				INFOPLIST_KEY_UIApplicationSceneManifest_Generation = YES;
				INFOPLIST_KEY_UIApplicationSupportsIndirectInputEvents = YES;
				INFOPLIST_KEY_UILaunchScreen_Generation = YES;
				INFOPLIST_KEY_UISupportedInterfaceOrientations_iPad = "UIInterfaceOrientationPortrait UIInterfaceOrientationPortraitUpsideDown UIInterfaceOrientationLandscapeLeft UIInterfaceOrientationLandscapeRight";
				INFOPLIST_KEY_UISupportedInterfaceOrientations_iPhone = "UIInterfaceOrientationPortrait UIInterfaceOrientationLandscapeLeft UIInterfaceOrientationLandscapeRight";
				LD_RUNPATH_SEARCH_PATHS = (
					"$(inherited)",
					"@executable_path/Frameworks",
				);
				MARKETING_VERSION = 1.0;
				PRODUCT_BUNDLE_IDENTIFIER = com.itsmc.ViewLayout;
				PRODUCT_NAME = "$(TARGET_NAME)";
				SWIFT_EMIT_LOC_STRINGS = YES;
				SWIFT_VERSION = 5.0;
				TARGETED_DEVICE_FAMILY = "1,2";
			};
			name = Release;
		};
		3E31A1202D2F3715003A3478 /* Debug */ = {
			isa = XCBuildConfiguration;
			buildSettings = {
				ALWAYS_EMBED_SWIFT_STANDARD_LIBRARIES = YES;
				BUNDLE_LOADER = "$(TEST_HOST)";
				CODE_SIGN_STYLE = Automatic;
				CURRENT_PROJECT_VERSION = 1;
				GENERATE_INFOPLIST_FILE = YES;
				IPHONEOS_DEPLOYMENT_TARGET = 17.5;
				MARKETING_VERSION = 1.0;
				PRODUCT_BUNDLE_IDENTIFIER = com.itsmc.ViewLayoutTests;
				PRODUCT_NAME = "$(TARGET_NAME)";
				SWIFT_EMIT_LOC_STRINGS = NO;
				SWIFT_VERSION = 5.0;
				TARGETED_DEVICE_FAMILY = "1,2";
				TEST_HOST = "$(BUILT_PRODUCTS_DIR)/ViewLayout.app/$(BUNDLE_EXECUTABLE_FOLDER_PATH)/ViewLayout";
			};
			name = Debug;
		};
		3E31A1212D2F3715003A3478 /* Release */ = {
			isa = XCBuildConfiguration;
			buildSettings = {
				ALWAYS_EMBED_SWIFT_STANDARD_LIBRARIES = YES;
				BUNDLE_LOADER = "$(TEST_HOST)";
				CODE_SIGN_STYLE = Automatic;
				CURRENT_PROJECT_VERSION = 1;
				GENERATE_INFOPLIST_FILE = YES;
				IPHONEOS_DEPLOYMENT_TARGET = 17.5;
				MARKETING_VERSION = 1.0;
				PRODUCT_BUNDLE_IDENTIFIER = com.itsmc.ViewLayoutTests;
				PRODUCT_NAME = "$(TARGET_NAME)";
				SWIFT_EMIT_LOC_STRINGS = NO;
				SWIFT_VERSION = 5.0;
				TARGETED_DEVICE_FAMILY = "1,2";
				TEST_HOST = "$(BUILT_PRODUCTS_DIR)/ViewLayout.app/$(BUNDLE_EXECUTABLE_FOLDER_PATH)/ViewLayout";
			};
			name = Release;
		};
		3E31A1232D2F3715003A3478 /* Debug */ = {
			isa = XCBuildConfiguration;
			buildSettings = {
				ALWAYS_EMBED_SWIFT_STANDARD_LIBRARIES = YES;
				CODE_SIGN_STYLE = Automatic;
				CURRENT_PROJECT_VERSION = 1;
				GENERATE_INFOPLIST_FILE = YES;
				MARKETING_VERSION = 1.0;
				PRODUCT_BUNDLE_IDENTIFIER = com.itsmc.ViewLayoutUITests;
				PRODUCT_NAME = "$(TARGET_NAME)";
				SWIFT_EMIT_LOC_STRINGS = NO;
				SWIFT_VERSION = 5.0;
				TARGETED_DEVICE_FAMILY = "1,2";
				TEST_TARGET_NAME = ViewLayout;
			};
			name = Debug;
		};
		3E31A1242D2F3715003A3478 /* Release */ = {
			isa = XCBuildConfiguration;
			buildSettings = {
				ALWAYS_EMBED_SWIFT_STANDARD_LIBRARIES = YES;
				CODE_SIGN_STYLE = Automatic;
				CURRENT_PROJECT_VERSION = 1;
				GENERATE_INFOPLIST_FILE = YES;
				MARKETING_VERSION = 1.0;
				PRODUCT_BUNDLE_IDENTIFIER = com.itsmc.ViewLayoutUITests;
				PRODUCT_NAME = "$(TARGET_NAME)";
				SWIFT_EMIT_LOC_STRINGS = NO;
				SWIFT_VERSION = 5.0;
				TARGETED_DEVICE_FAMILY = "1,2";
				TEST_TARGET_NAME = ViewLayout;
			};
			name = Release;
		};
/* End XCBuildConfiguration section */

/* Begin XCConfigurationList section */
		3E31A0F32D2F3712003A3478 /* Build configuration list for PBXProject "ViewLayout" */ = {
			isa = XCConfigurationList;
			buildConfigurations = (
				3E31A11A2D2F3715003A3478 /* Debug */,
				3E31A11B2D2F3715003A3478 /* Release */,
			);
			defaultConfigurationIsVisible = 0;
			defaultConfigurationName = Release;
		};
		3E31A11C2D2F3715003A3478 /* Build configuration list for PBXNativeTarget "ViewLayout" */ = {
			isa = XCConfigurationList;
			buildConfigurations = (
				3E31A11D2D2F3715003A3478 /* Debug */,
				3E31A11E2D2F3715003A3478 /* Release */,
			);
			defaultConfigurationIsVisible = 0;
			defaultConfigurationName = Release;
		};
		3E31A11F2D2F3715003A3478 /* Build configuration list for PBXNativeTarget "ViewLayoutTests" */ = {
			isa = XCConfigurationList;
			buildConfigurations = (
				3E31A1202D2F3715003A3478 /* Debug */,
				3E31A1212D2F3715003A3478 /* Release */,
			);
			defaultConfigurationIsVisible = 0;
			defaultConfigurationName = Release;
		};
		3E31A1222D2F3715003A3478 /* Build configuration list for PBXNativeTarget "ViewLayoutUITests" */ = {
			isa = XCConfigurationList;
			buildConfigurations = (
				3E31A1232D2F3715003A3478 /* Debug */,
				3E31A1242D2F3715003A3478 /* Release */,
			);
			defaultConfigurationIsVisible = 0;
			defaultConfigurationName = Release;
		};
/* End XCConfigurationList section */
	};
	rootObject = 3E31A0F02D2F3712003A3478 /* Project object */;
}
